
Microsoft Visual Studio Solution File, Format Version 12.00
# Visual Studio Version 17
VisualStudioVersion = 17.7.34031.279
MinimumVisualStudioVersion = 10.0.40219.1
Project("{9A19103F-16F7-4668-BE54-9A1E7A4F7556}") = "PedidosAPI", "PedidosAPI\PedidosAPI.csproj", "{7EE859BD-91B2-47FD-A283-2A10EA9524A5}"
EndProject
Project("{9A19103F-16F7-4668-BE54-9A1E7A4F7556}") = "TestAPI", "TestAPI\TestAPI.csproj", "{DC720046-12A5-4D13-85A6-53C184936374}"
EndProject
Global
	GlobalSection(SolutionConfigurationPlatforms) = preSolution
		Debug|Any CPU = Debug|Any CPU
		Release|Any CPU = Release|Any CPU
	EndGlobalSection
	GlobalSection(ProjectConfigurationPlatforms) = postSolution
		{7EE859BD-91B2-47FD-A283-2A10EA9524A5}.Debug|Any CPU.ActiveCfg = Debug|Any CPU
		{7EE859BD-91B2-47FD-A283-2A10EA9524A5}.Debug|Any CPU.Build.0 = Debug|Any CPU
		{7EE859BD-91B2-47FD-A283-2A10EA9524A5}.Release|Any CPU.ActiveCfg = Release|Any CPU
		{7EE859BD-91B2-47FD-A283-2A10EA9524A5}.Release|Any CPU.Build.0 = Release|Any CPU
		{DC720046-12A5-4D13-85A6-53C184936374}.Debug|Any CPU.ActiveCfg = Debug|Any CPU
		{DC720046-12A5-4D13-85A6-53C184936374}.Debug|Any CPU.Build.0 = Debug|Any CPU
		{DC720046-12A5-4D13-85A6-53C184936374}.Release|Any CPU.ActiveCfg = Release|Any CPU
		{DC720046-12A5-4D13-85A6-53C184936374}.Release|Any CPU.Build.0 = Release|Any CPU
	EndGlobalSection
	GlobalSection(SolutionProperties) = preSolution
		HideSolutionNode = FALSE
	EndGlobalSection
	GlobalSection(ExtensibilityGlobals) = postSolution
		SolutionGuid = {0AF16122-1E3A-4C12-ABDC-0FE8124F62CF}
	EndGlobalSection
EndGlobal
